
Microsoft Visual Studio Solution File, Format Version 12.00
# Visual Studio Version 16
VisualStudioVersion = 16.0.30804.86
MinimumVisualStudioVersion = 10.0.40219.1
Project("{FAE04EC0-301F-11D3-BF4B-00C04F79EFBC}") = "Cwk.DesignPatterns.Singleton", "Cwk.DesignPatterns.Singleton\Cwk.DesignPatterns.Singleton.csproj", "{DA3A97A1-6150-4296-A137-4356126DF3F4}"
EndProject
Global
	GlobalSection(SolutionConfigurationPlatforms) = preSolution
		Debug|Any CPU = Debug|Any CPU
		Release|Any CPU = Release|Any CPU
	EndGlobalSection
	GlobalSection(ProjectConfigurationPlatforms) = postSolution
		{DA3A97A1-6150-4296-A137-4356126DF3F4}.Debug|Any CPU.ActiveCfg = Debug|Any CPU
		{DA3A97A1-6150-4296-A137-4356126DF3F4}.Debug|Any CPU.Build.0 = Debug|Any CPU
		{DA3A97A1-6150-4296-A137-4356126DF3F4}.Release|Any CPU.ActiveCfg = Release|Any CPU
		{DA3A97A1-6150-4296-A137-4356126DF3F4}.Release|Any CPU.Build.0 = Release|Any CPU
	EndGlobalSection
	GlobalSection(SolutionProperties) = preSolution
		HideSolutionNode = FALSE
	EndGlobalSection
	GlobalSection(ExtensibilityGlobals) = postSolution
		SolutionGuid = {1AC87CAC-8688-4852-8FB4-E05C3CEEBCEF}
	EndGlobalSection
EndGlobal
